{
  "nodes": {
    "flake-utils": {
      "locked": {
        "lastModified": 1667395993,
        "narHash": "sha256-nuEHfE/LcWyuSWnS8t12N1wc105Qtau+/OdUAjtQ0rA=",
        "owner": "numtide",
        "repo": "flake-utils",
        "rev": "5aed5285a952e0b949eb3ba02c12fa4fcfef535f",
        "type": "github"
      },
      "original": {
        "owner": "numtide",
        "repo": "flake-utils",
        "type": "github"
      }
    },
    "flake-utils_2": {
      "locked": {
        "lastModified": 1659877975,
        "narHash": "sha256-zllb8aq3YO3h8B/U0/J1WBgAL8EX5yWf5pMj3G0NAmc=",
        "owner": "numtide",
        "repo": "flake-utils",
        "rev": "c0e246b9b83f637f4681389ecabcb2681b4f3af0",
        "type": "github"
      },
      "original": {
        "owner": "numtide",
        "repo": "flake-utils",
        "type": "github"
      }
    },
    "gitignore": {
      "inputs": {
        "nixpkgs": [
          "nixpkgs"
        ]
      },
      "locked": {
        "lastModified": 1660459072,
        "narHash": "sha256-8DFJjXG8zqoONA1vXtgeKXy68KdJL5UaXR8NtVMUbx8=",
        "owner": "hercules-ci",
        "repo": "gitignore.nix",
        "rev": "a20de23b925fd8264fd7fad6454652e142fd7f73",
        "type": "github"
      },
      "original": {
        "owner": "hercules-ci",
        "repo": "gitignore.nix",
        "type": "github"
      }
    },
    "gomod2nix": {
      "inputs": {
        "nixpkgs": "nixpkgs",
        "utils": "utils"
      },
      "locked": {
        "lastModified": 1675533839,
        "narHash": "sha256-8wTt1ozVmoBKqQFCc+KdoWVkBfpDyPCdFh213Q1MtXY=",
        "owner": "jbboehr",
        "repo": "gomod2nix",
        "rev": "605dca1626129dc9c5dc84037e039cfc3ab0e35c",
        "type": "github"
      },
      "original": {
        "owner": "jbboehr",
        "ref": "no-internal-overlay",
        "repo": "gomod2nix",
        "type": "github"
      }
    },
    "naersk": {
      "inputs": {
        "nixpkgs": "nixpkgs_2"
      },
      "locked": {
        "lastModified": 1671096816,
        "narHash": "sha256-ezQCsNgmpUHdZANDCILm3RvtO1xH8uujk/+EqNvzIOg=",
        "owner": "nix-community",
        "repo": "naersk",
        "rev": "d998160d6a076cfe8f9741e56aeec7e267e3e114",
        "type": "github"
      },
      "original": {
        "owner": "nix-community",
        "repo": "naersk",
        "type": "github"
      }
    },
    "nim-argparse": {
      "flake": false,
      "locked": {
        "lastModified": 1669660759,
        "narHash": "sha256-rtA0NJbA7aQglw/4U/fhX8GTlGf0eYoXfuzlJsA38Q8=",
        "owner": "iffy",
        "repo": "nim-argparse",
        "rev": "98c7c99bfbcaae750ac515a6fd603f85ed68668f",
        "type": "github"
      },
      "original": {
        "owner": "iffy",
        "repo": "nim-argparse",
        "type": "github"
      }
    },
    "nixpkgs": {
      "locked": {
        "lastModified": 1658285632,
        "narHash": "sha256-zRS5S/hoeDGUbO+L95wXG9vJNwsSYcl93XiD0HQBXLk=",
        "owner": "NixOS",
        "repo": "nixpkgs",
        "rev": "5342fc6fb59d0595d26883c3cadff16ce58e44f3",
        "type": "github"
      },
      "original": {
        "owner": "NixOS",
        "ref": "master",
        "repo": "nixpkgs",
        "type": "github"
      }
    },
    "nixpkgs_2": {
      "locked": {
        "lastModified": 1672844754,
        "narHash": "sha256-o26WabuHABQsaHxxmIrR3AQRqDFUEdLckLXkVCpIjSU=",
        "path": "/nix/store/3y1qwszq3vpyixr0jcisyind3wdgcbdb-source",
        "rev": "e9ade2c8240e00a4784fac282a502efff2786bdc",
        "type": "path"
      },
      "original": {
        "id": "nixpkgs",
        "type": "indirect"
      }
    },
    "nixpkgs_3": {
      "locked": {
        "lastModified": 1675512093,
        "narHash": "sha256-u1CY4feK14B57E6T+0Bhkuoj8dpBxCPrWO+SP87UVP8=",
        "owner": "NixOS",
        "repo": "nixpkgs",
        "rev": "8e8240194eda25b61449f29bb5131e02b28a5486",
        "type": "github"
      },
      "original": {
        "owner": "NixOS",
        "ref": "nixos-22.11",
        "repo": "nixpkgs",
        "type": "github"
      }
    },
    "nixpkgs_4": {
      "locked": {
        "lastModified": 1661151577,
        "narHash": "sha256-++S0TuJtuz9IpqP8rKktWyHZKpgdyrzDFUXVY07MTRI=",
        "owner": "NixOS",
        "repo": "nixpkgs",
        "rev": "54060e816971276da05970a983487a25810c38a7",
        "type": "github"
      },
      "original": {
        "owner": "NixOS",
        "ref": "nixpkgs-unstable",
        "repo": "nixpkgs",
        "type": "github"
      }
    },
    "php-sdl": {
      "flake": false,
      "locked": {
        "lastModified": 1672500911,
        "narHash": "sha256-8BTE9pjoJuomSuNxvoBLjbBE8eA3BkO9+8CjG4kO3M0=",
        "owner": "Ponup",
        "repo": "php-sdl",
        "rev": "655e403b8a9681c418702a74833c68c1a4ae1bd5",
        "type": "github"
      },
      "original": {
        "owner": "Ponup",
        "repo": "php-sdl",
        "type": "github"
      }
    },
    "root": {
      "inputs": {
        "flake-utils": "flake-utils",
        "gitignore": "gitignore",
        "gomod2nix": "gomod2nix",
        "naersk": "naersk",
        "nim-argparse": "nim-argparse",
        "nixpkgs": "nixpkgs_3",
        "php-sdl": "php-sdl",
        "zig-clap": "zig-clap",
        "zig-overlay": "zig-overlay",
        "zig-sdl": "zig-sdl"
      }
    },
    "utils": {
      "locked": {
        "lastModified": 1653893745,
        "narHash": "sha256-0jntwV3Z8//YwuOjzhV2sgJJPt+HY6KhU7VZUL0fKZQ=",
        "owner": "numtide",
        "repo": "flake-utils",
        "rev": "1ed9fb1935d260de5fe1c2f7ee0ebaae17ed2fa1",
        "type": "github"
      },
      "original": {
        "owner": "numtide",
        "repo": "flake-utils",
        "type": "github"
      }
    },
    "zig-clap": {
      "flake": false,
      "locked": {
        "lastModified": 1664794625,
        "narHash": "sha256-wZaeOlEEzgFqHCtW9ztiu+HczRltL0geb0fHv1nrgpQ=",
        "owner": "Hejsil",
        "repo": "zig-clap",
        "rev": "e5d09c4b2d121025ad7195b2de704451e6306807",
        "type": "github"
      },
      "original": {
        "owner": "Hejsil",
        "repo": "zig-clap",
        "rev": "e5d09c4b2d121025ad7195b2de704451e6306807",
        "type": "github"
      }
    },
    "zig-overlay": {
      "inputs": {
        "flake-utils": "flake-utils_2",
        "nixpkgs": "nixpkgs_4"
      },
      "locked": {
        "lastModified": 1670113356,
        "narHash": "sha256-43aMRMU0OuBin6M2LM+nxVG+whazyHuHnUvu92xoth0=",
        "owner": "mitchellh",
        "repo": "zig-overlay",
        "rev": "17352071583eda4be43fa2a312f6e061326374f7",
        "type": "github"
      },
      "original": {
        "owner": "mitchellh",
        "repo": "zig-overlay",
        "rev": "17352071583eda4be43fa2a312f6e061326374f7",
        "type": "github"
      }
    },
    "zig-sdl": {
      "flake": false,
      "locked": {
        "lastModified": 1663928269,
        "narHash": "sha256-e4fNkVs6jsJJHNbBomdgtWR7+CLK1G6YxnkIgaMvvBo=",
        "owner": "MasterQ32",
        "repo": "SDL.zig",
        "rev": "6a9e37687a4b9ae3c14c9ea148ec51d14e01c7db",
        "type": "github"
      },
      "original": {
        "owner": "MasterQ32",
        "repo": "SDL.zig",
        "rev": "6a9e37687a4b9ae3c14c9ea148ec51d14e01c7db",
        "type": "github"
      }
    }
  },
  "root": "root",
  "version": 7
}
