{
  "nodes": {
    "flake-utils": {
      "locked": {
        "lastModified": 1667395993,
        "narHash": "sha256-nuEHfE/LcWyuSWnS8t12N1wc105Qtau+/OdUAjtQ0rA=",
        "owner": "numtide",
        "repo": "flake-utils",
        "rev": "5aed5285a952e0b949eb3ba02c12fa4fcfef535f",
        "type": "github"
      },
      "original": {
        "owner": "numtide",
        "repo": "flake-utils",
        "type": "github"
      }
    },
    "flake-utils_2": {
      "locked": {
        "lastModified": 1659877975,
        "narHash": "sha256-zllb8aq3YO3h8B/U0/J1WBgAL8EX5yWf5pMj3G0NAmc=",
        "owner": "numtide",
        "repo": "flake-utils",
        "rev": "c0e246b9b83f637f4681389ecabcb2681b4f3af0",
        "type": "github"
      },
      "original": {
        "owner": "numtide",
        "repo": "flake-utils",
        "type": "github"
      }
    },
    "gitignore": {
      "inputs": {
        "nixpkgs": [
          "nixpkgs"
        ]
      },
      "locked": {
        "lastModified": 1660459072,
        "narHash": "sha256-8DFJjXG8zqoONA1vXtgeKXy68KdJL5UaXR8NtVMUbx8=",
        "owner": "hercules-ci",
        "repo": "gitignore.nix",
        "rev": "a20de23b925fd8264fd7fad6454652e142fd7f73",
        "type": "github"
      },
      "original": {
        "owner": "hercules-ci",
        "repo": "gitignore.nix",
        "type": "github"
      }
    },
    "nixpkgs": {
      "locked": {
        "lastModified": 1675512093,
        "narHash": "sha256-u1CY4feK14B57E6T+0Bhkuoj8dpBxCPrWO+SP87UVP8=",
        "owner": "NixOS",
        "repo": "nixpkgs",
        "rev": "8e8240194eda25b61449f29bb5131e02b28a5486",
        "type": "github"
      },
      "original": {
        "owner": "NixOS",
        "ref": "nixos-22.11",
        "repo": "nixpkgs",
        "type": "github"
      }
    },
    "nixpkgs_2": {
      "locked": {
        "lastModified": 1661151577,
        "narHash": "sha256-++S0TuJtuz9IpqP8rKktWyHZKpgdyrzDFUXVY07MTRI=",
        "owner": "NixOS",
        "repo": "nixpkgs",
        "rev": "54060e816971276da05970a983487a25810c38a7",
        "type": "github"
      },
      "original": {
        "owner": "NixOS",
        "ref": "nixpkgs-unstable",
        "repo": "nixpkgs",
        "type": "github"
      }
    },
    "root": {
      "inputs": {
        "flake-utils": "flake-utils",
        "gitignore": "gitignore",
        "nixpkgs": "nixpkgs",
        "zig-clap": "zig-clap",
        "zig-overlay": "zig-overlay",
        "zig-sdl": "zig-sdl"
      }
    },
    "zig-clap": {
      "flake": false,
      "locked": {
        "lastModified": 1664794625,
        "narHash": "sha256-wZaeOlEEzgFqHCtW9ztiu+HczRltL0geb0fHv1nrgpQ=",
        "owner": "Hejsil",
        "repo": "zig-clap",
        "rev": "e5d09c4b2d121025ad7195b2de704451e6306807",
        "type": "github"
      },
      "original": {
        "owner": "Hejsil",
        "repo": "zig-clap",
        "rev": "e5d09c4b2d121025ad7195b2de704451e6306807",
        "type": "github"
      }
    },
    "zig-overlay": {
      "inputs": {
        "flake-utils": "flake-utils_2",
        "nixpkgs": "nixpkgs_2"
      },
      "locked": {
        "lastModified": 1670113356,
        "narHash": "sha256-43aMRMU0OuBin6M2LM+nxVG+whazyHuHnUvu92xoth0=",
        "owner": "mitchellh",
        "repo": "zig-overlay",
        "rev": "17352071583eda4be43fa2a312f6e061326374f7",
        "type": "github"
      },
      "original": {
        "owner": "mitchellh",
        "repo": "zig-overlay",
        "rev": "17352071583eda4be43fa2a312f6e061326374f7",
        "type": "github"
      }
    },
    "zig-sdl": {
      "flake": false,
      "locked": {
        "lastModified": 1663928269,
        "narHash": "sha256-e4fNkVs6jsJJHNbBomdgtWR7+CLK1G6YxnkIgaMvvBo=",
        "owner": "MasterQ32",
        "repo": "SDL.zig",
        "rev": "6a9e37687a4b9ae3c14c9ea148ec51d14e01c7db",
        "type": "github"
      },
      "original": {
        "owner": "MasterQ32",
        "repo": "SDL.zig",
        "rev": "6a9e37687a4b9ae3c14c9ea148ec51d14e01c7db",
        "type": "github"
      }
    }
  },
  "root": "root",
  "version": 7
}
